
Microsoft Visual Studio Solution File, Format Version 11.00
# Visual Studio 2010
Project("{FAE04EC0-301F-11D3-BF4B-00C04F79EFBC}") = "Assembly-CSharp-firstpass", "Assembly-CSharp-firstpass.csproj", "{32f8f7ee-4ea6-6a5e-f28d-13f0fe58daf9}"
EndProject
Project("{FAE04EC0-301F-11D3-BF4B-00C04F79EFBC}") = "Assembly-CSharp", "Assembly-CSharp.csproj", "{400b122c-7043-2fc3-d17b-43acaa4b82a6}"
EndProject
Project("{FAE04EC0-301F-11D3-BF4B-00C04F79EFBC}") = "Assembly-CSharp-Editor-firstpass", "Assembly-CSharp-Editor-firstpass.csproj", "{5846ce1a-5a2b-26f5-ce59-317367d4d67e}"
EndProject
Global
	GlobalSection(SolutionConfigurationPlatforms) = preSolution
		Debug|Any CPU = Debug|Any CPU
	EndGlobalSection
	GlobalSection(ProjectConfigurationPlatforms) = postSolution
		{32f8f7ee-4ea6-6a5e-f28d-13f0fe58daf9}.Debug|Any CPU.ActiveCfg = Debug|Any CPU
		{32f8f7ee-4ea6-6a5e-f28d-13f0fe58daf9}.Debug|Any CPU.Build.0 = Debug|Any CPU
		{400b122c-7043-2fc3-d17b-43acaa4b82a6}.Debug|Any CPU.ActiveCfg = Debug|Any CPU
		{400b122c-7043-2fc3-d17b-43acaa4b82a6}.Debug|Any CPU.Build.0 = Debug|Any CPU
		{5846ce1a-5a2b-26f5-ce59-317367d4d67e}.Debug|Any CPU.ActiveCfg = Debug|Any CPU
		{5846ce1a-5a2b-26f5-ce59-317367d4d67e}.Debug|Any CPU.Build.0 = Debug|Any CPU
	EndGlobalSection
	GlobalSection(SolutionProperties) = preSolution
		HideSolutionNode = FALSE
	EndGlobalSection
EndGlobal
